
Microsoft Visual Studio Solution File, Format Version 12.00
# Visual Studio 15
VisualStudioVersion = 15.0.27703.2042
MinimumVisualStudioVersion = 10.0.40219.1
Project("{FAE04EC0-301F-11D3-BF4B-00C04F79EFBC}") = "NodeApp1", "NodeApp1\NodeApp1.csproj", "{0374DE61-591E-467E-81F8-4222B3891610}"
EndProject
Global
	GlobalSection(SolutionConfigurationPlatforms) = preSolution
		Debug|Any CPU = Debug|Any CPU
		Release|Any CPU = Release|Any CPU
	EndGlobalSection
	GlobalSection(ProjectConfigurationPlatforms) = postSolution
		{0374DE61-591E-467E-81F8-4222B3891610}.Debug|Any CPU.ActiveCfg = Debug|Any CPU
		{0374DE61-591E-467E-81F8-4222B3891610}.Debug|Any CPU.Build.0 = Debug|Any CPU
		{0374DE61-591E-467E-81F8-4222B3891610}.Release|Any CPU.ActiveCfg = Release|Any CPU
		{0374DE61-591E-467E-81F8-4222B3891610}.Release|Any CPU.Build.0 = Release|Any CPU
	EndGlobalSection
	GlobalSection(SolutionProperties) = preSolution
		HideSolutionNode = FALSE
	EndGlobalSection
	GlobalSection(ExtensibilityGlobals) = postSolution
		SolutionGuid = {92B39389-1192-447B-971D-753EE5F0011B}
	EndGlobalSection
EndGlobal
